// !$*UTF8*$!
{
	archiveVersion = 1;
	classes = {
	};
	objectVersion = 48;
	objects = {

/* Begin PBXBuildFile section */
		980CB9301FD9E76500D3061A /* AppDelegate.swift in Sources */ = {isa = PBXBuildFile; fileRef = 980CB92F1FD9E76500D3061A /* AppDelegate.swift */; };
		980CB9371FD9E76500D3061A /* Assets.xcassets in Resources */ = {isa = PBXBuildFile; fileRef = 980CB9361FD9E76500D3061A /* Assets.xcassets */; };
		980CB93A1FD9E76500D3061A /* LaunchScreen.storyboard in Resources */ = {isa = PBXBuildFile; fileRef = 980CB9381FD9E76500D3061A /* LaunchScreen.storyboard */; };
		980CB9451FD9E76600D3061A /* OutpostRxSwiftTests.swift in Sources */ = {isa = PBXBuildFile; fileRef = 980CB9441FD9E76600D3061A /* OutpostRxSwiftTests.swift */; };
		980CB9501FD9E76600D3061A /* OutpostRxSwiftUITests.swift in Sources */ = {isa = PBXBuildFile; fileRef = 980CB94F1FD9E76600D3061A /* OutpostRxSwiftUITests.swift */; };
		982A05901FD9EC6D00CBCCE0 /* Scene.swift in Sources */ = {isa = PBXBuildFile; fileRef = 982A058F1FD9EC6D00CBCCE0 /* Scene.swift */; };
		982A05941FD9ECC600CBCCE0 /* SceneCoordinator.swift in Sources */ = {isa = PBXBuildFile; fileRef = 982A05931FD9ECC600CBCCE0 /* SceneCoordinator.swift */; };
		982A059A1FD9EEB100CBCCE0 /* Prompt.swift in Sources */ = {isa = PBXBuildFile; fileRef = 982A05991FD9EEB100CBCCE0 /* Prompt.swift */; };
		982A059C1FD9EFCD00CBCCE0 /* BindableType.swift in Sources */ = {isa = PBXBuildFile; fileRef = 982A059B1FD9EFCD00CBCCE0 /* BindableType.swift */; };
		982A059E1FD9F08600CBCCE0 /* RealmServiceType.swift in Sources */ = {isa = PBXBuildFile; fileRef = 982A059D1FD9F08600CBCCE0 /* RealmServiceType.swift */; };
		984363ED1FDDB4220057618C /* CreatePromptViewController.swift in Sources */ = {isa = PBXBuildFile; fileRef = 984363EC1FDDB4210057618C /* CreatePromptViewController.swift */; };
		984363EF1FDDB48A0057618C /* CreatePromptViewModel.swift in Sources */ = {isa = PBXBuildFile; fileRef = 984363EE1FDDB48A0057618C /* CreatePromptViewModel.swift */; };
		9844B03A1FDA2BD80058C62E /* PromptListEngine.swift in Sources */ = {isa = PBXBuildFile; fileRef = 9844B0391FDA2BD80058C62E /* PromptListEngine.swift */; };
		9844B03C1FDA2FCE0058C62E /* PromptListViewController.swift in Sources */ = {isa = PBXBuildFile; fileRef = 9844B03B1FDA2FCD0058C62E /* PromptListViewController.swift */; };
		9844B03E1FDA38A80058C62E /* PromptTableCell.swift in Sources */ = {isa = PBXBuildFile; fileRef = 9844B03D1FDA38A80058C62E /* PromptTableCell.swift */; };
		9844B0401FDA38D00058C62E /* PromptView.swift in Sources */ = {isa = PBXBuildFile; fileRef = 9844B03F1FDA38D00058C62E /* PromptView.swift */; };
		98A1AFB61FDB1F3100294013 /* PromptDataController.swift in Sources */ = {isa = PBXBuildFile; fileRef = 98A1AFB51FDB1F3100294013 /* PromptDataController.swift */; };
		98A1AFBD1FDB243D00294013 /* PromptDetailViewController.swift in Sources */ = {isa = PBXBuildFile; fileRef = 98A1AFBC1FDB243D00294013 /* PromptDetailViewController.swift */; };
		98A1AFBF1FDB246900294013 /* PromptDetailEngine.swift in Sources */ = {isa = PBXBuildFile; fileRef = 98A1AFBE1FDB246900294013 /* PromptDetailEngine.swift */; };
		98A1AFC21FDB2B2600294013 /* LoginViewController.swift in Sources */ = {isa = PBXBuildFile; fileRef = 98A1AFC11FDB2B2600294013 /* LoginViewController.swift */; };
		98A1AFC41FDB2B3100294013 /* LoginViewModel.swift in Sources */ = {isa = PBXBuildFile; fileRef = 98A1AFC31FDB2B3100294013 /* LoginViewModel.swift */; };
		98A1AFC61FDB370800294013 /* RealmLoginManager.swift in Sources */ = {isa = PBXBuildFile; fileRef = 98A1AFC51FDB370800294013 /* RealmLoginManager.swift */; };
		98CAC8F81FDC6ACF00F0CC09 /* User.swift in Sources */ = {isa = PBXBuildFile; fileRef = 98CAC8F71FDC6ACF00F0CC09 /* User.swift */; };
		98CAC8FA1FDC6CB400F0CC09 /* UserDataController.swift in Sources */ = {isa = PBXBuildFile; fileRef = 98CAC8F91FDC6CB400F0CC09 /* UserDataController.swift */; };
		C94A368CC8295220188FEF60 /* Pods_OutpostRxSwift.framework in Frameworks */ = {isa = PBXBuildFile; fileRef = E0AC8C8258BA6A1B75998F63 /* Pods_OutpostRxSwift.framework */; };
/* End PBXBuildFile section */

/* Begin PBXContainerItemProxy section */
		980CB9411FD9E76600D3061A /* PBXContainerItemProxy */ = {
			isa = PBXContainerItemProxy;
			containerPortal = 980CB9241FD9E76500D3061A /* Project object */;
			proxyType = 1;
			remoteGlobalIDString = 980CB92B1FD9E76500D3061A;
			remoteInfo = OutpostRxSwift;
		};
		980CB94C1FD9E76600D3061A /* PBXContainerItemProxy */ = {
			isa = PBXContainerItemProxy;
			containerPortal = 980CB9241FD9E76500D3061A /* Project object */;
			proxyType = 1;
			remoteGlobalIDString = 980CB92B1FD9E76500D3061A;
			remoteInfo = OutpostRxSwift;
		};
/* End PBXContainerItemProxy section */

/* Begin PBXFileReference section */
		13C904DC20D6CF666FCF367A /* Pods-OutpostRxSwift.debug.xcconfig */ = {isa = PBXFileReference; includeInIndex = 1; lastKnownFileType = text.xcconfig; name = "Pods-OutpostRxSwift.debug.xcconfig"; path = "Pods/Target Support Files/Pods-OutpostRxSwift/Pods-OutpostRxSwift.debug.xcconfig"; sourceTree = "<group>"; };
		980CB92C1FD9E76500D3061A /* OutpostRxSwift.app */ = {isa = PBXFileReference; explicitFileType = wrapper.application; includeInIndex = 0; path = OutpostRxSwift.app; sourceTree = BUILT_PRODUCTS_DIR; };
		980CB92F1FD9E76500D3061A /* AppDelegate.swift */ = {isa = PBXFileReference; lastKnownFileType = sourcecode.swift; path = AppDelegate.swift; sourceTree = "<group>"; };
		980CB9361FD9E76500D3061A /* Assets.xcassets */ = {isa = PBXFileReference; lastKnownFileType = folder.assetcatalog; path = Assets.xcassets; sourceTree = "<group>"; };
		980CB9391FD9E76500D3061A /* Base */ = {isa = PBXFileReference; lastKnownFileType = file.storyboard; name = Base; path = Base.lproj/LaunchScreen.storyboard; sourceTree = "<group>"; };
		980CB93B1FD9E76500D3061A /* Info.plist */ = {isa = PBXFileReference; lastKnownFileType = text.plist.xml; path = Info.plist; sourceTree = "<group>"; };
		980CB9401FD9E76600D3061A /* OutpostRxSwiftTests.xctest */ = {isa = PBXFileReference; explicitFileType = wrapper.cfbundle; includeInIndex = 0; path = OutpostRxSwiftTests.xctest; sourceTree = BUILT_PRODUCTS_DIR; };
		980CB9441FD9E76600D3061A /* OutpostRxSwiftTests.swift */ = {isa = PBXFileReference; lastKnownFileType = sourcecode.swift; path = OutpostRxSwiftTests.swift; sourceTree = "<group>"; };
		980CB9461FD9E76600D3061A /* Info.plist */ = {isa = PBXFileReference; lastKnownFileType = text.plist.xml; path = Info.plist; sourceTree = "<group>"; };
		980CB94B1FD9E76600D3061A /* OutpostRxSwiftUITests.xctest */ = {isa = PBXFileReference; explicitFileType = wrapper.cfbundle; includeInIndex = 0; path = OutpostRxSwiftUITests.xctest; sourceTree = BUILT_PRODUCTS_DIR; };
		980CB94F1FD9E76600D3061A /* OutpostRxSwiftUITests.swift */ = {isa = PBXFileReference; lastKnownFileType = sourcecode.swift; path = OutpostRxSwiftUITests.swift; sourceTree = "<group>"; };
		980CB9511FD9E76600D3061A /* Info.plist */ = {isa = PBXFileReference; lastKnownFileType = text.plist.xml; path = Info.plist; sourceTree = "<group>"; };
		982A058F1FD9EC6D00CBCCE0 /* Scene.swift */ = {isa = PBXFileReference; lastKnownFileType = sourcecode.swift; path = Scene.swift; sourceTree = "<group>"; };
		982A05931FD9ECC600CBCCE0 /* SceneCoordinator.swift */ = {isa = PBXFileReference; lastKnownFileType = sourcecode.swift; path = SceneCoordinator.swift; sourceTree = "<group>"; };
		982A05991FD9EEB100CBCCE0 /* Prompt.swift */ = {isa = PBXFileReference; lastKnownFileType = sourcecode.swift; path = Prompt.swift; sourceTree = "<group>"; };
		982A059B1FD9EFCD00CBCCE0 /* BindableType.swift */ = {isa = PBXFileReference; lastKnownFileType = sourcecode.swift; path = BindableType.swift; sourceTree = "<group>"; };
		982A059D1FD9F08600CBCCE0 /* RealmServiceType.swift */ = {isa = PBXFileReference; lastKnownFileType = sourcecode.swift; path = RealmServiceType.swift; sourceTree = "<group>"; };
		984363EC1FDDB4210057618C /* CreatePromptViewController.swift */ = {isa = PBXFileReference; lastKnownFileType = sourcecode.swift; path = CreatePromptViewController.swift; sourceTree = "<group>"; };
		984363EE1FDDB48A0057618C /* CreatePromptViewModel.swift */ = {isa = PBXFileReference; lastKnownFileType = sourcecode.swift; path = CreatePromptViewModel.swift; sourceTree = "<group>"; };
		9844B0391FDA2BD80058C62E /* PromptListEngine.swift */ = {isa = PBXFileReference; lastKnownFileType = sourcecode.swift; path = PromptListEngine.swift; sourceTree = "<group>"; };
		9844B03B1FDA2FCD0058C62E /* PromptListViewController.swift */ = {isa = PBXFileReference; lastKnownFileType = sourcecode.swift; path = PromptListViewController.swift; sourceTree = "<group>"; };
		9844B03D1FDA38A80058C62E /* PromptTableCell.swift */ = {isa = PBXFileReference; lastKnownFileType = sourcecode.swift; path = PromptTableCell.swift; sourceTree = "<group>"; };
		9844B03F1FDA38D00058C62E /* PromptView.swift */ = {isa = PBXFileReference; lastKnownFileType = sourcecode.swift; path = PromptView.swift; sourceTree = "<group>"; };
		98A1AFB51FDB1F3100294013 /* PromptDataController.swift */ = {isa = PBXFileReference; lastKnownFileType = sourcecode.swift; path = PromptDataController.swift; sourceTree = "<group>"; };
		98A1AFBC1FDB243D00294013 /* PromptDetailViewController.swift */ = {isa = PBXFileReference; lastKnownFileType = sourcecode.swift; path = PromptDetailViewController.swift; sourceTree = "<group>"; };
		98A1AFBE1FDB246900294013 /* PromptDetailEngine.swift */ = {isa = PBXFileReference; lastKnownFileType = sourcecode.swift; path = PromptDetailEngine.swift; sourceTree = "<group>"; };
		98A1AFC11FDB2B2600294013 /* LoginViewController.swift */ = {isa = PBXFileReference; lastKnownFileType = sourcecode.swift; path = LoginViewController.swift; sourceTree = "<group>"; };
		98A1AFC31FDB2B3100294013 /* LoginViewModel.swift */ = {isa = PBXFileReference; lastKnownFileType = sourcecode.swift; path = LoginViewModel.swift; sourceTree = "<group>"; };
		98A1AFC51FDB370800294013 /* RealmLoginManager.swift */ = {isa = PBXFileReference; lastKnownFileType = sourcecode.swift; path = RealmLoginManager.swift; sourceTree = "<group>"; };
		98CAC8F71FDC6ACF00F0CC09 /* User.swift */ = {isa = PBXFileReference; lastKnownFileType = sourcecode.swift; path = User.swift; sourceTree = "<group>"; };
		98CAC8F91FDC6CB400F0CC09 /* UserDataController.swift */ = {isa = PBXFileReference; lastKnownFileType = sourcecode.swift; path = UserDataController.swift; sourceTree = "<group>"; };
		A14735777135C5E5A6B90CB3 /* Pods-OutpostRxSwift.release.xcconfig */ = {isa = PBXFileReference; includeInIndex = 1; lastKnownFileType = text.xcconfig; name = "Pods-OutpostRxSwift.release.xcconfig"; path = "Pods/Target Support Files/Pods-OutpostRxSwift/Pods-OutpostRxSwift.release.xcconfig"; sourceTree = "<group>"; };
		E0AC8C8258BA6A1B75998F63 /* Pods_OutpostRxSwift.framework */ = {isa = PBXFileReference; explicitFileType = wrapper.framework; includeInIndex = 0; path = Pods_OutpostRxSwift.framework; sourceTree = BUILT_PRODUCTS_DIR; };
/* End PBXFileReference section */

/* Begin PBXFrameworksBuildPhase section */
		980CB9291FD9E76500D3061A /* Frameworks */ = {
			isa = PBXFrameworksBuildPhase;
			buildActionMask = 2147483647;
			files = (
				C94A368CC8295220188FEF60 /* Pods_OutpostRxSwift.framework in Frameworks */,
			);
			runOnlyForDeploymentPostprocessing = 0;
		};
		980CB93D1FD9E76600D3061A /* Frameworks */ = {
			isa = PBXFrameworksBuildPhase;
			buildActionMask = 2147483647;
			files = (
			);
			runOnlyForDeploymentPostprocessing = 0;
		};
		980CB9481FD9E76600D3061A /* Frameworks */ = {
			isa = PBXFrameworksBuildPhase;
			buildActionMask = 2147483647;
			files = (
			);
			runOnlyForDeploymentPostprocessing = 0;
		};
/* End PBXFrameworksBuildPhase section */

/* Begin PBXGroup section */
		498D06F6052733859561B7D9 /* Pods */ = {
			isa = PBXGroup;
			children = (
				13C904DC20D6CF666FCF367A /* Pods-OutpostRxSwift.debug.xcconfig */,
				A14735777135C5E5A6B90CB3 /* Pods-OutpostRxSwift.release.xcconfig */,
			);
			name = Pods;
			sourceTree = "<group>";
		};
		5BC72100A19ECFDAD3215CF5 /* Frameworks */ = {
			isa = PBXGroup;
			children = (
				E0AC8C8258BA6A1B75998F63 /* Pods_OutpostRxSwift.framework */,
			);
			name = Frameworks;
			sourceTree = "<group>";
		};
		980CB9231FD9E76500D3061A = {
			isa = PBXGroup;
			children = (
				980CB92E1FD9E76500D3061A /* OutpostRxSwift */,
				980CB9431FD9E76600D3061A /* OutpostRxSwiftTests */,
				980CB94E1FD9E76600D3061A /* OutpostRxSwiftUITests */,
				980CB92D1FD9E76500D3061A /* Products */,
				498D06F6052733859561B7D9 /* Pods */,
				5BC72100A19ECFDAD3215CF5 /* Frameworks */,
			);
			sourceTree = "<group>";
		};
		980CB92D1FD9E76500D3061A /* Products */ = {
			isa = PBXGroup;
			children = (
				980CB92C1FD9E76500D3061A /* OutpostRxSwift.app */,
				980CB9401FD9E76600D3061A /* OutpostRxSwiftTests.xctest */,
				980CB94B1FD9E76600D3061A /* OutpostRxSwiftUITests.xctest */,
			);
			name = Products;
			sourceTree = "<group>";
		};
		980CB92E1FD9E76500D3061A /* OutpostRxSwift */ = {
			isa = PBXGroup;
			children = (
				980CB92F1FD9E76500D3061A /* AppDelegate.swift */,
				98A1AFB31FDB1F0100294013 /* Scene Transition Resources */,
				98A1AFBA1FDB200C00294013 /* Realm Services */,
				98A1AFB41FDB1F1D00294013 /* Models */,
				98A1AFB91FDB1FF600294013 /* Data Controllers */,
				98A1AFAF1FDB1E8C00294013 /* Scenes */,
				980CB9361FD9E76500D3061A /* Assets.xcassets */,
				980CB9381FD9E76500D3061A /* LaunchScreen.storyboard */,
				980CB93B1FD9E76500D3061A /* Info.plist */,
			);
			path = OutpostRxSwift;
			sourceTree = "<group>";
		};
		980CB9431FD9E76600D3061A /* OutpostRxSwiftTests */ = {
			isa = PBXGroup;
			children = (
				980CB9441FD9E76600D3061A /* OutpostRxSwiftTests.swift */,
				980CB9461FD9E76600D3061A /* Info.plist */,
			);
			path = OutpostRxSwiftTests;
			sourceTree = "<group>";
		};
		980CB94E1FD9E76600D3061A /* OutpostRxSwiftUITests */ = {
			isa = PBXGroup;
			children = (
				980CB94F1FD9E76600D3061A /* OutpostRxSwiftUITests.swift */,
				980CB9511FD9E76600D3061A /* Info.plist */,
			);
			path = OutpostRxSwiftUITests;
			sourceTree = "<group>";
		};
		984363EB1FDDB3F60057618C /* Create Prompt */ = {
			isa = PBXGroup;
			children = (
				984363EC1FDDB4210057618C /* CreatePromptViewController.swift */,
				984363EE1FDDB48A0057618C /* CreatePromptViewModel.swift */,
			);
			path = "Create Prompt";
			sourceTree = "<group>";
		};
		98A1AFAF1FDB1E8C00294013 /* Scenes */ = {
			isa = PBXGroup;
			children = (
				98A1AFC01FDB2B0D00294013 /* Login */,
				984363EB1FDDB3F60057618C /* Create Prompt */,
				98A1AFB01FDB1E9700294013 /* Prompt List */,
				98A1AFBB1FDB241000294013 /* Prompt Detail */,
			);
			path = Scenes;
			sourceTree = "<group>";
		};
		98A1AFB01FDB1E9700294013 /* Prompt List */ = {
			isa = PBXGroup;
			children = (
				98A1AFB11FDB1EB100294013 /* Views */,
				98A1AFB21FDB1EC400294013 /* Cells */,
				9844B03B1FDA2FCD0058C62E /* PromptListViewController.swift */,
				9844B0391FDA2BD80058C62E /* PromptListEngine.swift */,
			);
			name = "Prompt List";
			sourceTree = "<group>";
		};
		98A1AFB11FDB1EB100294013 /* Views */ = {
			isa = PBXGroup;
			children = (
				9844B03F1FDA38D00058C62E /* PromptView.swift */,
			);
			path = Views;
			sourceTree = "<group>";
		};
		98A1AFB21FDB1EC400294013 /* Cells */ = {
			isa = PBXGroup;
			children = (
				9844B03D1FDA38A80058C62E /* PromptTableCell.swift */,
			);
			path = Cells;
			sourceTree = "<group>";
		};
		98A1AFB31FDB1F0100294013 /* Scene Transition Resources */ = {
			isa = PBXGroup;
			children = (
				982A058F1FD9EC6D00CBCCE0 /* Scene.swift */,
				982A05931FD9ECC600CBCCE0 /* SceneCoordinator.swift */,
				982A059B1FD9EFCD00CBCCE0 /* BindableType.swift */,
			);
			path = "Scene Transition Resources";
			sourceTree = "<group>";
		};
		98A1AFB41FDB1F1D00294013 /* Models */ = {
			isa = PBXGroup;
			children = (
				982A05991FD9EEB100CBCCE0 /* Prompt.swift */,
				98CAC8F71FDC6ACF00F0CC09 /* User.swift */,
			);
			path = Models;
			sourceTree = "<group>";
		};
		98A1AFB91FDB1FF600294013 /* Data Controllers */ = {
			isa = PBXGroup;
			children = (
				98A1AFB51FDB1F3100294013 /* PromptDataController.swift */,
				98CAC8F91FDC6CB400F0CC09 /* UserDataController.swift */,
			);
			path = "Data Controllers";
			sourceTree = "<group>";
		};
		98A1AFBA1FDB200C00294013 /* Realm Services */ = {
			isa = PBXGroup;
			children = (
				982A059D1FD9F08600CBCCE0 /* RealmServiceType.swift */,
				98A1AFC51FDB370800294013 /* RealmLoginManager.swift */,
			);
			path = "Realm Services";
			sourceTree = "<group>";
		};
		98A1AFBB1FDB241000294013 /* Prompt Detail */ = {
			isa = PBXGroup;
			children = (
				98A1AFBC1FDB243D00294013 /* PromptDetailViewController.swift */,
				98A1AFBE1FDB246900294013 /* PromptDetailEngine.swift */,
			);
			path = "Prompt Detail";
			sourceTree = "<group>";
		};
		98A1AFC01FDB2B0D00294013 /* Login */ = {
			isa = PBXGroup;
			children = (
				98A1AFC11FDB2B2600294013 /* LoginViewController.swift */,
				98A1AFC31FDB2B3100294013 /* LoginViewModel.swift */,
			);
			path = Login;
			sourceTree = "<group>";
		};
/* End PBXGroup section */

/* Begin PBXNativeTarget section */
		980CB92B1FD9E76500D3061A /* OutpostRxSwift */ = {
			isa = PBXNativeTarget;
			buildConfigurationList = 980CB9541FD9E76600D3061A /* Build configuration list for PBXNativeTarget "OutpostRxSwift" */;
			buildPhases = (
				802E57BD84A7CB927363CDFE /* [CP] Check Pods Manifest.lock */,
				980CB9281FD9E76500D3061A /* Sources */,
				980CB9291FD9E76500D3061A /* Frameworks */,
				980CB92A1FD9E76500D3061A /* Resources */,
				918815B0FA377DF4187901F6 /* [CP] Embed Pods Frameworks */,
				A19D233B9F9AEF9B7C6490B7 /* [CP] Copy Pods Resources */,
			);
			buildRules = (
			);
			dependencies = (
			);
			name = OutpostRxSwift;
			productName = OutpostRxSwift;
			productReference = 980CB92C1FD9E76500D3061A /* OutpostRxSwift.app */;
			productType = "com.apple.product-type.application";
		};
		980CB93F1FD9E76600D3061A /* OutpostRxSwiftTests */ = {
			isa = PBXNativeTarget;
			buildConfigurationList = 980CB9571FD9E76600D3061A /* Build configuration list for PBXNativeTarget "OutpostRxSwiftTests" */;
			buildPhases = (
				980CB93C1FD9E76600D3061A /* Sources */,
				980CB93D1FD9E76600D3061A /* Frameworks */,
				980CB93E1FD9E76600D3061A /* Resources */,
			);
			buildRules = (
			);
			dependencies = (
				980CB9421FD9E76600D3061A /* PBXTargetDependency */,
			);
			name = OutpostRxSwiftTests;
			productName = OutpostRxSwiftTests;
			productReference = 980CB9401FD9E76600D3061A /* OutpostRxSwiftTests.xctest */;
			productType = "com.apple.product-type.bundle.unit-test";
		};
		980CB94A1FD9E76600D3061A /* OutpostRxSwiftUITests */ = {
			isa = PBXNativeTarget;
			buildConfigurationList = 980CB95A1FD9E76600D3061A /* Build configuration list for PBXNativeTarget "OutpostRxSwiftUITests" */;
			buildPhases = (
				980CB9471FD9E76600D3061A /* Sources */,
				980CB9481FD9E76600D3061A /* Frameworks */,
				980CB9491FD9E76600D3061A /* Resources */,
			);
			buildRules = (
			);
			dependencies = (
				980CB94D1FD9E76600D3061A /* PBXTargetDependency */,
			);
			name = OutpostRxSwiftUITests;
			productName = OutpostRxSwiftUITests;
			productReference = 980CB94B1FD9E76600D3061A /* OutpostRxSwiftUITests.xctest */;
			productType = "com.apple.product-type.bundle.ui-testing";
		};
/* End PBXNativeTarget section */

/* Begin PBXProject section */
		980CB9241FD9E76500D3061A /* Project object */ = {
			isa = PBXProject;
			attributes = {
				LastSwiftUpdateCheck = 0910;
				LastUpgradeCheck = 0910;
				ORGANIZATIONNAME = "Cluk Labs";
				TargetAttributes = {
					980CB92B1FD9E76500D3061A = {
						CreatedOnToolsVersion = 9.1;
						ProvisioningStyle = Automatic;
					};
					980CB93F1FD9E76600D3061A = {
						CreatedOnToolsVersion = 9.1;
						ProvisioningStyle = Automatic;
						TestTargetID = 980CB92B1FD9E76500D3061A;
					};
					980CB94A1FD9E76600D3061A = {
						CreatedOnToolsVersion = 9.1;
						ProvisioningStyle = Automatic;
						TestTargetID = 980CB92B1FD9E76500D3061A;
					};
				};
			};
			buildConfigurationList = 980CB9271FD9E76500D3061A /* Build configuration list for PBXProject "OutpostRxSwift" */;
			compatibilityVersion = "Xcode 8.0";
			developmentRegion = en;
			hasScannedForEncodings = 0;
			knownRegions = (
				en,
				Base,
			);
			mainGroup = 980CB9231FD9E76500D3061A;
			productRefGroup = 980CB92D1FD9E76500D3061A /* Products */;
			projectDirPath = "";
			projectRoot = "";
			targets = (
				980CB92B1FD9E76500D3061A /* OutpostRxSwift */,
				980CB93F1FD9E76600D3061A /* OutpostRxSwiftTests */,
				980CB94A1FD9E76600D3061A /* OutpostRxSwiftUITests */,
			);
		};
/* End PBXProject section */

/* Begin PBXResourcesBuildPhase section */
		980CB92A1FD9E76500D3061A /* Resources */ = {
			isa = PBXResourcesBuildPhase;
			buildActionMask = 2147483647;
			files = (
				980CB93A1FD9E76500D3061A /* LaunchScreen.storyboard in Resources */,
				980CB9371FD9E76500D3061A /* Assets.xcassets in Resources */,
			);
			runOnlyForDeploymentPostprocessing = 0;
		};
		980CB93E1FD9E76600D3061A /* Resources */ = {
			isa = PBXResourcesBuildPhase;
			buildActionMask = 2147483647;
			files = (
			);
			runOnlyForDeploymentPostprocessing = 0;
		};
		980CB9491FD9E76600D3061A /* Resources */ = {
			isa = PBXResourcesBuildPhase;
			buildActionMask = 2147483647;
			files = (
			);
			runOnlyForDeploymentPostprocessing = 0;
		};
/* End PBXResourcesBuildPhase section */

/* Begin PBXShellScriptBuildPhase section */
		802E57BD84A7CB927363CDFE /* [CP] Check Pods Manifest.lock */ = {
			isa = PBXShellScriptBuildPhase;
			buildActionMask = 2147483647;
			files = (
			);
			inputPaths = (
				"${PODS_PODFILE_DIR_PATH}/Podfile.lock",
				"${PODS_ROOT}/Manifest.lock",
			);
			name = "[CP] Check Pods Manifest.lock";
			outputPaths = (
				"$(DERIVED_FILE_DIR)/Pods-OutpostRxSwift-checkManifestLockResult.txt",
			);
			runOnlyForDeploymentPostprocessing = 0;
			shellPath = /bin/sh;
			shellScript = "diff \"${PODS_PODFILE_DIR_PATH}/Podfile.lock\" \"${PODS_ROOT}/Manifest.lock\" > /dev/null\nif [ $? != 0 ] ; then\n    # print error to STDERR\n    echo \"error: The sandbox is not in sync with the Podfile.lock. Run 'pod install' or update your CocoaPods installation.\" >&2\n    exit 1\nfi\n# This output is used by Xcode 'outputs' to avoid re-running this script phase.\necho \"SUCCESS\" > \"${SCRIPT_OUTPUT_FILE_0}\"\n";
			showEnvVarsInLog = 0;
		};
		918815B0FA377DF4187901F6 /* [CP] Embed Pods Frameworks */ = {
			isa = PBXShellScriptBuildPhase;
			buildActionMask = 2147483647;
			files = (
			);
			inputPaths = (
				"${SRCROOT}/Pods/Target Support Files/Pods-OutpostRxSwift/Pods-OutpostRxSwift-frameworks.sh",
				"${BUILT_PRODUCTS_DIR}/Action/Action.framework",
				"${BUILT_PRODUCTS_DIR}/Differentiator/Differentiator.framework",
				"${BUILT_PRODUCTS_DIR}/Kingfisher/Kingfisher.framework",
				"${BUILT_PRODUCTS_DIR}/NSObject+Rx/NSObject_Rx.framework",
				"${BUILT_PRODUCTS_DIR}/Realm/Realm.framework",
				"${BUILT_PRODUCTS_DIR}/RealmSwift/RealmSwift.framework",
				"${BUILT_PRODUCTS_DIR}/RxCocoa/RxCocoa.framework",
				"${BUILT_PRODUCTS_DIR}/RxDataSources/RxDataSources.framework",
				"${BUILT_PRODUCTS_DIR}/RxRealm/RxRealm.framework",
				"${BUILT_PRODUCTS_DIR}/RxSwift/RxSwift.framework",
				"${BUILT_PRODUCTS_DIR}/SnapKit/SnapKit.framework",
			);
			name = "[CP] Embed Pods Frameworks";
			outputPaths = (
				"${TARGET_BUILD_DIR}/${FRAMEWORKS_FOLDER_PATH}/Action.framework",
				"${TARGET_BUILD_DIR}/${FRAMEWORKS_FOLDER_PATH}/Differentiator.framework",
				"${TARGET_BUILD_DIR}/${FRAMEWORKS_FOLDER_PATH}/Kingfisher.framework",
				"${TARGET_BUILD_DIR}/${FRAMEWORKS_FOLDER_PATH}/NSObject_Rx.framework",
				"${TARGET_BUILD_DIR}/${FRAMEWORKS_FOLDER_PATH}/Realm.framework",
				"${TARGET_BUILD_DIR}/${FRAMEWORKS_FOLDER_PATH}/RealmSwift.framework",
				"${TARGET_BUILD_DIR}/${FRAMEWORKS_FOLDER_PATH}/RxCocoa.framework",
				"${TARGET_BUILD_DIR}/${FRAMEWORKS_FOLDER_PATH}/RxDataSources.framework",
				"${TARGET_BUILD_DIR}/${FRAMEWORKS_FOLDER_PATH}/RxRealm.framework",
				"${TARGET_BUILD_DIR}/${FRAMEWORKS_FOLDER_PATH}/RxSwift.framework",
				"${TARGET_BUILD_DIR}/${FRAMEWORKS_FOLDER_PATH}/SnapKit.framework",
			);
			runOnlyForDeploymentPostprocessing = 0;
			shellPath = /bin/sh;
			shellScript = "\"${SRCROOT}/Pods/Target Support Files/Pods-OutpostRxSwift/Pods-OutpostRxSwift-frameworks.sh\"\n";
			showEnvVarsInLog = 0;
		};
		A19D233B9F9AEF9B7C6490B7 /* [CP] Copy Pods Resources */ = {
			isa = PBXShellScriptBuildPhase;
			buildActionMask = 2147483647;
			files = (
			);
			inputPaths = (
			);
			name = "[CP] Copy Pods Resources";
			outputPaths = (
			);
			runOnlyForDeploymentPostprocessing = 0;
			shellPath = /bin/sh;
			shellScript = "\"${SRCROOT}/Pods/Target Support Files/Pods-OutpostRxSwift/Pods-OutpostRxSwift-resources.sh\"\n";
			showEnvVarsInLog = 0;
		};
/* End PBXShellScriptBuildPhase section */

/* Begin PBXSourcesBuildPhase section */
		980CB9281FD9E76500D3061A /* Sources */ = {
			isa = PBXSourcesBuildPhase;
			buildActionMask = 2147483647;
			files = (
				98A1AFC21FDB2B2600294013 /* LoginViewController.swift in Sources */,
				982A05941FD9ECC600CBCCE0 /* SceneCoordinator.swift in Sources */,
				98A1AFBF1FDB246900294013 /* PromptDetailEngine.swift in Sources */,
				982A059A1FD9EEB100CBCCE0 /* Prompt.swift in Sources */,
				984363EF1FDDB48A0057618C /* CreatePromptViewModel.swift in Sources */,
				9844B03A1FDA2BD80058C62E /* PromptListEngine.swift in Sources */,
				982A05901FD9EC6D00CBCCE0 /* Scene.swift in Sources */,
				9844B03E1FDA38A80058C62E /* PromptTableCell.swift in Sources */,
				98CAC8F81FDC6ACF00F0CC09 /* User.swift in Sources */,
				984363ED1FDDB4220057618C /* CreatePromptViewController.swift in Sources */,
				98A1AFC61FDB370800294013 /* RealmLoginManager.swift in Sources */,
				982A059E1FD9F08600CBCCE0 /* RealmServiceType.swift in Sources */,
				98A1AFC41FDB2B3100294013 /* LoginViewModel.swift in Sources */,
				98A1AFBD1FDB243D00294013 /* PromptDetailViewController.swift in Sources */,
				980CB9301FD9E76500D3061A /* AppDelegate.swift in Sources */,
				9844B03C1FDA2FCE0058C62E /* PromptListViewController.swift in Sources */,
				98A1AFB61FDB1F3100294013 /* PromptDataController.swift in Sources */,
				9844B0401FDA38D00058C62E /* PromptView.swift in Sources */,
				98CAC8FA1FDC6CB400F0CC09 /* UserDataController.swift in Sources */,
				982A059C1FD9EFCD00CBCCE0 /* BindableType.swift in Sources */,
			);
			runOnlyForDeploymentPostprocessing = 0;
		};
		980CB93C1FD9E76600D3061A /* Sources */ = {
			isa = PBXSourcesBuildPhase;
			buildActionMask = 2147483647;
			files = (
				980CB9451FD9E76600D3061A /* OutpostRxSwiftTests.swift in Sources */,
			);
			runOnlyForDeploymentPostprocessing = 0;
		};
		980CB9471FD9E76600D3061A /* Sources */ = {
			isa = PBXSourcesBuildPhase;
			buildActionMask = 2147483647;
			files = (
				980CB9501FD9E76600D3061A /* OutpostRxSwiftUITests.swift in Sources */,
			);
			runOnlyForDeploymentPostprocessing = 0;
		};
/* End PBXSourcesBuildPhase section */

/* Begin PBXTargetDependency section */
		980CB9421FD9E76600D3061A /* PBXTargetDependency */ = {
			isa = PBXTargetDependency;
			target = 980CB92B1FD9E76500D3061A /* OutpostRxSwift */;
			targetProxy = 980CB9411FD9E76600D3061A /* PBXContainerItemProxy */;
		};
		980CB94D1FD9E76600D3061A /* PBXTargetDependency */ = {
			isa = PBXTargetDependency;
			target = 980CB92B1FD9E76500D3061A /* OutpostRxSwift */;
			targetProxy = 980CB94C1FD9E76600D3061A /* PBXContainerItemProxy */;
		};
/* End PBXTargetDependency section */

/* Begin PBXVariantGroup section */
		980CB9381FD9E76500D3061A /* LaunchScreen.storyboard */ = {
			isa = PBXVariantGroup;
			children = (
				980CB9391FD9E76500D3061A /* Base */,
			);
			name = LaunchScreen.storyboard;
			sourceTree = "<group>";
		};
/* End PBXVariantGroup section */

/* Begin XCBuildConfiguration section */
		980CB9521FD9E76600D3061A /* Debug */ = {
			isa = XCBuildConfiguration;
			buildSettings = {
				ALWAYS_SEARCH_USER_PATHS = NO;
				CLANG_ANALYZER_NONNULL = YES;
				CLANG_ANALYZER_NUMBER_OBJECT_CONVERSION = YES_AGGRESSIVE;
				CLANG_CXX_LANGUAGE_STANDARD = "gnu++14";
				CLANG_CXX_LIBRARY = "libc++";
				CLANG_ENABLE_MODULES = YES;
				CLANG_ENABLE_OBJC_ARC = YES;
				CLANG_WARN_BLOCK_CAPTURE_AUTORELEASING = YES;
				CLANG_WARN_BOOL_CONVERSION = YES;
				CLANG_WARN_COMMA = YES;
				CLANG_WARN_CONSTANT_CONVERSION = YES;
				CLANG_WARN_DIRECT_OBJC_ISA_USAGE = YES_ERROR;
				CLANG_WARN_DOCUMENTATION_COMMENTS = YES;
				CLANG_WARN_EMPTY_BODY = YES;
				CLANG_WARN_ENUM_CONVERSION = YES;
				CLANG_WARN_INFINITE_RECURSION = YES;
				CLANG_WARN_INT_CONVERSION = YES;
				CLANG_WARN_NON_LITERAL_NULL_CONVERSION = YES;
				CLANG_WARN_OBJC_LITERAL_CONVERSION = YES;
				CLANG_WARN_OBJC_ROOT_CLASS = YES_ERROR;
				CLANG_WARN_RANGE_LOOP_ANALYSIS = YES;
				CLANG_WARN_STRICT_PROTOTYPES = YES;
				CLANG_WARN_SUSPICIOUS_MOVE = YES;
				CLANG_WARN_UNGUARDED_AVAILABILITY = YES_AGGRESSIVE;
				CLANG_WARN_UNREACHABLE_CODE = YES;
				CLANG_WARN__DUPLICATE_METHOD_MATCH = YES;
				CODE_SIGN_IDENTITY = "iPhone Developer";
				COPY_PHASE_STRIP = NO;
				DEBUG_INFORMATION_FORMAT = dwarf;
				ENABLE_STRICT_OBJC_MSGSEND = YES;
				ENABLE_TESTABILITY = YES;
				GCC_C_LANGUAGE_STANDARD = gnu11;
				GCC_DYNAMIC_NO_PIC = NO;
				GCC_NO_COMMON_BLOCKS = YES;
				GCC_OPTIMIZATION_LEVEL = 0;
				GCC_PREPROCESSOR_DEFINITIONS = (
					"DEBUG=1",
					"$(inherited)",
				);
				GCC_WARN_64_TO_32_BIT_CONVERSION = YES;
				GCC_WARN_ABOUT_RETURN_TYPE = YES_ERROR;
				GCC_WARN_UNDECLARED_SELECTOR = YES;
				GCC_WARN_UNINITIALIZED_AUTOS = YES_AGGRESSIVE;
				GCC_WARN_UNUSED_FUNCTION = YES;
				GCC_WARN_UNUSED_VARIABLE = YES;
				IPHONEOS_DEPLOYMENT_TARGET = 11.1;
				MTL_ENABLE_DEBUG_INFO = YES;
				ONLY_ACTIVE_ARCH = YES;
				SDKROOT = iphoneos;
				SWIFT_ACTIVE_COMPILATION_CONDITIONS = DEBUG;
				SWIFT_OPTIMIZATION_LEVEL = "-Onone";
			};
			name = Debug;
		};
		980CB9531FD9E76600D3061A /* Release */ = {
			isa = XCBuildConfiguration;
			buildSettings = {
				ALWAYS_SEARCH_USER_PATHS = NO;
				CLANG_ANALYZER_NONNULL = YES;
				CLANG_ANALYZER_NUMBER_OBJECT_CONVERSION = YES_AGGRESSIVE;
				CLANG_CXX_LANGUAGE_STANDARD = "gnu++14";
				CLANG_CXX_LIBRARY = "libc++";
				CLANG_ENABLE_MODULES = YES;
				CLANG_ENABLE_OBJC_ARC = YES;
				CLANG_WARN_BLOCK_CAPTURE_AUTORELEASING = YES;
				CLANG_WARN_BOOL_CONVERSION = YES;
				CLANG_WARN_COMMA = YES;
				CLANG_WARN_CONSTANT_CONVERSION = YES;
				CLANG_WARN_DIRECT_OBJC_ISA_USAGE = YES_ERROR;
				CLANG_WARN_DOCUMENTATION_COMMENTS = YES;
				CLANG_WARN_EMPTY_BODY = YES;
				CLANG_WARN_ENUM_CONVERSION = YES;
				CLANG_WARN_INFINITE_RECURSION = YES;
				CLANG_WARN_INT_CONVERSION = YES;
				CLANG_WARN_NON_LITERAL_NULL_CONVERSION = YES;
				CLANG_WARN_OBJC_LITERAL_CONVERSION = YES;
				CLANG_WARN_OBJC_ROOT_CLASS = YES_ERROR;
				CLANG_WARN_RANGE_LOOP_ANALYSIS = YES;
				CLANG_WARN_STRICT_PROTOTYPES = YES;
				CLANG_WARN_SUSPICIOUS_MOVE = YES;
				CLANG_WARN_UNGUARDED_AVAILABILITY = YES_AGGRESSIVE;
				CLANG_WARN_UNREACHABLE_CODE = YES;
				CLANG_WARN__DUPLICATE_METHOD_MATCH = YES;
				CODE_SIGN_IDENTITY = "iPhone Developer";
				COPY_PHASE_STRIP = NO;
				DEBUG_INFORMATION_FORMAT = "dwarf-with-dsym";
				ENABLE_NS_ASSERTIONS = NO;
				ENABLE_STRICT_OBJC_MSGSEND = YES;
				GCC_C_LANGUAGE_STANDARD = gnu11;
				GCC_NO_COMMON_BLOCKS = YES;
				GCC_WARN_64_TO_32_BIT_CONVERSION = YES;
				GCC_WARN_ABOUT_RETURN_TYPE = YES_ERROR;
				GCC_WARN_UNDECLARED_SELECTOR = YES;
				GCC_WARN_UNINITIALIZED_AUTOS = YES_AGGRESSIVE;
				GCC_WARN_UNUSED_FUNCTION = YES;
				GCC_WARN_UNUSED_VARIABLE = YES;
				IPHONEOS_DEPLOYMENT_TARGET = 11.1;
				MTL_ENABLE_DEBUG_INFO = NO;
				SDKROOT = iphoneos;
				SWIFT_OPTIMIZATION_LEVEL = "-Owholemodule";
				VALIDATE_PRODUCT = YES;
			};
			name = Release;
		};
		980CB9551FD9E76600D3061A /* Debug */ = {
			isa = XCBuildConfiguration;
			baseConfigurationReference = 13C904DC20D6CF666FCF367A /* Pods-OutpostRxSwift.debug.xcconfig */;
			buildSettings = {
				ASSETCATALOG_COMPILER_APPICON_NAME = AppIcon;
				CODE_SIGN_STYLE = Automatic;
				DEVELOPMENT_TEAM = 26Z24PM6F7;
				INFOPLIST_FILE = OutpostRxSwift/Info.plist;
				LD_RUNPATH_SEARCH_PATHS = "$(inherited) @executable_path/Frameworks";
				PRODUCT_BUNDLE_IDENTIFIER = clukLabs.OutpostRxSwift;
				PRODUCT_NAME = "$(TARGET_NAME)";
				SWIFT_VERSION = 4.0;
				TARGETED_DEVICE_FAMILY = "1,2";
			};
			name = Debug;
		};
		980CB9561FD9E76600D3061A /* Release */ = {
			isa = XCBuildConfiguration;
			baseConfigurationReference = A14735777135C5E5A6B90CB3 /* Pods-OutpostRxSwift.release.xcconfig */;
			buildSettings = {
				ASSETCATALOG_COMPILER_APPICON_NAME = AppIcon;
				CODE_SIGN_STYLE = Automatic;
				DEVELOPMENT_TEAM = 26Z24PM6F7;
				INFOPLIST_FILE = OutpostRxSwift/Info.plist;
				LD_RUNPATH_SEARCH_PATHS = "$(inherited) @executable_path/Frameworks";
				PRODUCT_BUNDLE_IDENTIFIER = clukLabs.OutpostRxSwift;
				PRODUCT_NAME = "$(TARGET_NAME)";
				SWIFT_VERSION = 4.0;
				TARGETED_DEVICE_FAMILY = "1,2";
			};
			name = Release;
		};
		980CB9581FD9E76600D3061A /* Debug */ = {
			isa = XCBuildConfiguration;
			buildSettings = {
				ALWAYS_EMBED_SWIFT_STANDARD_LIBRARIES = YES;
				BUNDLE_LOADER = "$(TEST_HOST)";
				CODE_SIGN_STYLE = Automatic;
				DEVELOPMENT_TEAM = 26Z24PM6F7;
				INFOPLIST_FILE = OutpostRxSwiftTests/Info.plist;
				LD_RUNPATH_SEARCH_PATHS = "$(inherited) @executable_path/Frameworks @loader_path/Frameworks";
				PRODUCT_BUNDLE_IDENTIFIER = clukLabs.OutpostRxSwiftTests;
				PRODUCT_NAME = "$(TARGET_NAME)";
				SWIFT_VERSION = 4.0;
				TARGETED_DEVICE_FAMILY = "1,2";
				TEST_HOST = "$(BUILT_PRODUCTS_DIR)/OutpostRxSwift.app/OutpostRxSwift";
			};
			name = Debug;
		};
		980CB9591FD9E76600D3061A /* Release */ = {
			isa = XCBuildConfiguration;
			buildSettings = {
				ALWAYS_EMBED_SWIFT_STANDARD_LIBRARIES = YES;
				BUNDLE_LOADER = "$(TEST_HOST)";
				CODE_SIGN_STYLE = Automatic;
				DEVELOPMENT_TEAM = 26Z24PM6F7;
				INFOPLIST_FILE = OutpostRxSwiftTests/Info.plist;
				LD_RUNPATH_SEARCH_PATHS = "$(inherited) @executable_path/Frameworks @loader_path/Frameworks";
				PRODUCT_BUNDLE_IDENTIFIER = clukLabs.OutpostRxSwiftTests;
				PRODUCT_NAME = "$(TARGET_NAME)";
				SWIFT_VERSION = 4.0;
				TARGETED_DEVICE_FAMILY = "1,2";
				TEST_HOST = "$(BUILT_PRODUCTS_DIR)/OutpostRxSwift.app/OutpostRxSwift";
			};
			name = Release;
		};
		980CB95B1FD9E76600D3061A /* Debug */ = {
			isa = XCBuildConfiguration;
			buildSettings = {
				ALWAYS_EMBED_SWIFT_STANDARD_LIBRARIES = YES;
				CODE_SIGN_STYLE = Automatic;
				DEVELOPMENT_TEAM = 26Z24PM6F7;
				INFOPLIST_FILE = OutpostRxSwiftUITests/Info.plist;
				LD_RUNPATH_SEARCH_PATHS = "$(inherited) @executable_path/Frameworks @loader_path/Frameworks";
				PRODUCT_BUNDLE_IDENTIFIER = clukLabs.OutpostRxSwiftUITests;
				PRODUCT_NAME = "$(TARGET_NAME)";
				SWIFT_VERSION = 4.0;
				TARGETED_DEVICE_FAMILY = "1,2";
				TEST_TARGET_NAME = OutpostRxSwift;
			};
			name = Debug;
		};
		980CB95C1FD9E76600D3061A /* Release */ = {
			isa = XCBuildConfiguration;
			buildSettings = {
				ALWAYS_EMBED_SWIFT_STANDARD_LIBRARIES = YES;
				CODE_SIGN_STYLE = Automatic;
				DEVELOPMENT_TEAM = 26Z24PM6F7;
				INFOPLIST_FILE = OutpostRxSwiftUITests/Info.plist;
				LD_RUNPATH_SEARCH_PATHS = "$(inherited) @executable_path/Frameworks @loader_path/Frameworks";
				PRODUCT_BUNDLE_IDENTIFIER = clukLabs.OutpostRxSwiftUITests;
				PRODUCT_NAME = "$(TARGET_NAME)";
				SWIFT_VERSION = 4.0;
				TARGETED_DEVICE_FAMILY = "1,2";
				TEST_TARGET_NAME = OutpostRxSwift;
			};
			name = Release;
		};
/* End XCBuildConfiguration section */

/* Begin XCConfigurationList section */
		980CB9271FD9E76500D3061A /* Build configuration list for PBXProject "OutpostRxSwift" */ = {
			isa = XCConfigurationList;
			buildConfigurations = (
				980CB9521FD9E76600D3061A /* Debug */,
				980CB9531FD9E76600D3061A /* Release */,
			);
			defaultConfigurationIsVisible = 0;
			defaultConfigurationName = Release;
		};
		980CB9541FD9E76600D3061A /* Build configuration list for PBXNativeTarget "OutpostRxSwift" */ = {
			isa = XCConfigurationList;
			buildConfigurations = (
				980CB9551FD9E76600D3061A /* Debug */,
				980CB9561FD9E76600D3061A /* Release */,
			);
			defaultConfigurationIsVisible = 0;
			defaultConfigurationName = Release;
		};
		980CB9571FD9E76600D3061A /* Build configuration list for PBXNativeTarget "OutpostRxSwiftTests" */ = {
			isa = XCConfigurationList;
			buildConfigurations = (
				980CB9581FD9E76600D3061A /* Debug */,
				980CB9591FD9E76600D3061A /* Release */,
			);
			defaultConfigurationIsVisible = 0;
			defaultConfigurationName = Release;
		};
		980CB95A1FD9E76600D3061A /* Build configuration list for PBXNativeTarget "OutpostRxSwiftUITests" */ = {
			isa = XCConfigurationList;
			buildConfigurations = (
				980CB95B1FD9E76600D3061A /* Debug */,
				980CB95C1FD9E76600D3061A /* Release */,
			);
			defaultConfigurationIsVisible = 0;
			defaultConfigurationName = Release;
		};
/* End XCConfigurationList section */
	};
	rootObject = 980CB9241FD9E76500D3061A /* Project object */;
}
